// !$*UTF8*$!
{
	archiveVersion = 1;
	classes = {
	};
	objectVersion = 46;
	objects = {

/* Begin PBXBuildFile section */
		830F62511ACAE3D30093ED4D /* InfoPlist.strings in Resources */ = {isa = PBXBuildFile; fileRef = 830F62531ACAE3D30093ED4D /* InfoPlist.strings */; };
		831FF0D21AA284FA00A88F49 /* WebViewController.swift in Sources */ = {isa = PBXBuildFile; fileRef = 831FF0D11AA284FA00A88F49 /* WebViewController.swift */; };
		8334D3671AC19B5300511B1F /* libGoogleAnalyticsServices.a in Frameworks */ = {isa = PBXBuildFile; fileRef = 8334D3661AC19B5300511B1F /* libGoogleAnalyticsServices.a */; };
		8349902D1A9904FE00669A1A /* contact.png in Resources */ = {isa = PBXBuildFile; fileRef = 83498FF31A9904FE00669A1A /* contact.png */; };
		834990311A9904FE00669A1A /* heatcramps.png in Resources */ = {isa = PBXBuildFile; fileRef = 83498FF81A9904FE00669A1A /* heatcramps.png */; };
		834990321A9904FE00669A1A /* heatexhaustion.png in Resources */ = {isa = PBXBuildFile; fileRef = 83498FF91A9904FE00669A1A /* heatexhaustion.png */; };
		834990331A9904FE00669A1A /* heatfatigue.png in Resources */ = {isa = PBXBuildFile; fileRef = 83498FFA1A9904FE00669A1A /* heatfatigue.png */; };
		834990341A9904FE00669A1A /* heatstroke.png in Resources */ = {isa = PBXBuildFile; fileRef = 83498FFB1A9904FE00669A1A /* heatstroke.png */; };
		834990351A9904FE00669A1A /* img1.png in Resources */ = {isa = PBXBuildFile; fileRef = 83498FFC1A9904FE00669A1A /* img1.png */; };
		834990361A9904FE00669A1A /* img2.png in Resources */ = {isa = PBXBuildFile; fileRef = 83498FFD1A9904FE00669A1A /* img2.png */; };
		834990371A9904FE00669A1A /* img3.png in Resources */ = {isa = PBXBuildFile; fileRef = 83498FFE1A9904FE00669A1A /* img3.png */; };
		834990381A9904FE00669A1A /* img4.png in Resources */ = {isa = PBXBuildFile; fileRef = 83498FFF1A9904FE00669A1A /* img4.png */; };
		834990391A9904FE00669A1A /* img5.png in Resources */ = {isa = PBXBuildFile; fileRef = 834990001A9904FE00669A1A /* img5.png */; };
		8349903A1A9904FE00669A1A /* img6.png in Resources */ = {isa = PBXBuildFile; fileRef = 834990011A9904FE00669A1A /* img6.png */; };
		8349903B1A9904FE00669A1A /* img7.png in Resources */ = {isa = PBXBuildFile; fileRef = 834990021A9904FE00669A1A /* img7.png */; };
		8349903C1A9904FE00669A1A /* img8.png in Resources */ = {isa = PBXBuildFile; fileRef = 834990031A9904FE00669A1A /* img8.png */; };
		8349903D1A9904FE00669A1A /* img9.png in Resources */ = {isa = PBXBuildFile; fileRef = 834990041A9904FE00669A1A /* img9.png */; };
		835882A71AA37CF7005A3761 /* About This App.html in Resources */ = {isa = PBXBuildFile; fileRef = 835882A91AA37CF7005A3761 /* About This App.html */; };
		835882B01AA380AC005A3761 /* Contact OSHA.html in Resources */ = {isa = PBXBuildFile; fileRef = 835882B21AA380AC005A3761 /* Contact OSHA.html */; };
		835882B51AA381E8005A3761 /* More Details.html in Resources */ = {isa = PBXBuildFile; fileRef = 835882B71AA381E8005A3761 /* More Details.html */; };
		835882B91AA383AF005A3761 /* precautions_lower.html in Resources */ = {isa = PBXBuildFile; fileRef = 835882BB1AA383AF005A3761 /* precautions_lower.html */; };
		835882BD1AA384BE005A3761 /* precautions_moderate.html in Resources */ = {isa = PBXBuildFile; fileRef = 835882BF1AA384BE005A3761 /* precautions_moderate.html */; };
		835882C11AA38535005A3761 /* precautions_high.html in Resources */ = {isa = PBXBuildFile; fileRef = 835882C31AA38535005A3761 /* precautions_high.html */; };
		835882C51AA385AD005A3761 /* precautions_veryhigh.html in Resources */ = {isa = PBXBuildFile; fileRef = 835882C71AA385AD005A3761 /* precautions_veryhigh.html */; };
		835E0C151A72F14400F47229 /* MoreInfoController.swift in Sources */ = {isa = PBXBuildFile; fileRef = 835E0C141A72F14400F47229 /* MoreInfoController.swift */; };
		835E84EF1AAF632C00D9C71D /* CoreData.framework in Frameworks */ = {isa = PBXBuildFile; fileRef = 835E84EE1AAF632C00D9C71D /* CoreData.framework */; };
		835E84F11AAF633F00D9C71D /* SystemConfiguration.framework in Frameworks */ = {isa = PBXBuildFile; fileRef = 835E84F01AAF633F00D9C71D /* SystemConfiguration.framework */; };
		835E84F31AAF635600D9C71D /* libz.dylib in Frameworks */ = {isa = PBXBuildFile; fileRef = 835E84F21AAF635600D9C71D /* libz.dylib */; };
		8386109E1A93E37D000A1904 /* PrecautionsController.swift in Sources */ = {isa = PBXBuildFile; fileRef = 8386109D1A93E37D000A1904 /* PrecautionsController.swift */; };
		838610A51A941350000A1904 /* CoreLocation.framework in Frameworks */ = {isa = PBXBuildFile; fileRef = 831D9A951A8EB30800B4EB56 /* CoreLocation.framework */; };
		839D98A61AC8D178007751EF /* Localizable.strings in Resources */ = {isa = PBXBuildFile; fileRef = 839D98A81AC8D178007751EF /* Localizable.strings */; };
		83AFB0711AB9BED7002116FA /* humidity@2x.png in Resources */ = {isa = PBXBuildFile; fileRef = 83AFB06F1AB9BED7002116FA /* humidity@2x.png */; };
		83AFB0721AB9BED7002116FA /* temperature@2x.png in Resources */ = {isa = PBXBuildFile; fileRef = 83AFB0701AB9BED7002116FA /* temperature@2x.png */; };
		83B573211A730CD10041A64E /* dol@2x.png in Resources */ = {isa = PBXBuildFile; fileRef = 83B573201A730CD10041A64E /* dol@2x.png */; };
		83D7467C1AAE744F006C5865 /* First Aid.html in Resources */ = {isa = PBXBuildFile; fileRef = 83D7467E1AAE744F006C5865 /* First Aid.html */; };
		83D746801AAE749D006C5865 /* Signs and Symptoms.html in Resources */ = {isa = PBXBuildFile; fileRef = 83D746821AAE749D006C5865 /* Signs and Symptoms.html */; };
		83DE8DBE1B29FE8800A3ADDC /* geo@3x.png in Resources */ = {isa = PBXBuildFile; fileRef = 83DE8DBC1B29FE8800A3ADDC /* geo@3x.png */; };
		83DE8DBF1B29FE8800A3ADDC /* geo@2x.png in Resources */ = {isa = PBXBuildFile; fileRef = 83DE8DBD1B29FE8800A3ADDC /* geo@2x.png */; };
		83E111391A72FFA6007DE234 /* moreinfo_about@2x.png in Resources */ = {isa = PBXBuildFile; fileRef = 83E1112F1A72FFA6007DE234 /* moreinfo_about@2x.png */; };
		83E1113B1A72FFA6007DE234 /* moreinfo_contact@2x.png in Resources */ = {isa = PBXBuildFile; fileRef = 83E111311A72FFA6007DE234 /* moreinfo_contact@2x.png */; };
		83E1113D1A72FFA6007DE234 /* moreinfo_firstAid@2x.png in Resources */ = {isa = PBXBuildFile; fileRef = 83E111331A72FFA6007DE234 /* moreinfo_firstAid@2x.png */; };
		83E1113F1A72FFA6007DE234 /* moreinfo_more@2x.png in Resources */ = {isa = PBXBuildFile; fileRef = 83E111351A72FFA6007DE234 /* moreinfo_more@2x.png */; };
		83E111411A72FFA6007DE234 /* moreinfo_signs@2x.png in Resources */ = {isa = PBXBuildFile; fileRef = 83E111371A72FFA6007DE234 /* moreinfo_signs@2x.png */; };
		83E9C2AF1A95024800BE4019 /* chevron@2x.png in Resources */ = {isa = PBXBuildFile; fileRef = 83E9C2AE1A95024800BE4019 /* chevron@2x.png */; };
		83FD4BCA1B6ED031007C275C /* location@2x.png in Resources */ = {isa = PBXBuildFile; fileRef = 83FD4BC81B6ED031007C275C /* location@2x.png */; };
		83FD4BCB1B6ED031007C275C /* location@3x.png in Resources */ = {isa = PBXBuildFile; fileRef = 83FD4BC91B6ED031007C275C /* location@3x.png */; };
		83FDDFDA1A66C9470018A068 /* AppDelegate.swift in Sources */ = {isa = PBXBuildFile; fileRef = 83FDDFD91A66C9470018A068 /* AppDelegate.swift */; };
		83FDDFDC1A66C9470018A068 /* HeatIndexController.swift in Sources */ = {isa = PBXBuildFile; fileRef = 83FDDFDB1A66C9470018A068 /* HeatIndexController.swift */; };
		83FDDFDF1A66C9470018A068 /* Main.storyboard in Resources */ = {isa = PBXBuildFile; fileRef = 83FDDFDD1A66C9470018A068 /* Main.storyboard */; };
		83FDDFE11A66C9470018A068 /* Images.xcassets in Resources */ = {isa = PBXBuildFile; fileRef = 83FDDFE01A66C9470018A068 /* Images.xcassets */; };
		83FDDFE41A66C9470018A068 /* LaunchScreen.xib in Resources */ = {isa = PBXBuildFile; fileRef = 83FDDFE21A66C9470018A068 /* LaunchScreen.xib */; };
		83FDDFF01A66C9470018A068 /* Heat_ToolTests.swift in Sources */ = {isa = PBXBuildFile; fileRef = 83FDDFEF1A66C9470018A068 /* Heat_ToolTests.swift */; };
		83FDDFFA1A66D11C0018A068 /* osha@2x.png in Resources */ = {isa = PBXBuildFile; fileRef = 83FDDFF91A66D11C0018A068 /* osha@2x.png */; };
/* End PBXBuildFile section */

/* Begin PBXContainerItemProxy section */
		83FDDFEA1A66C9470018A068 /* PBXContainerItemProxy */ = {
			isa = PBXContainerItemProxy;
			containerPortal = 83FDDFCC1A66C9470018A068 /* Project object */;
			proxyType = 1;
			remoteGlobalIDString = 83FDDFD31A66C9470018A068;
			remoteInfo = "Heat Tool";
		};
/* End PBXContainerItemProxy section */

/* Begin PBXFileReference section */
		830F62521ACAE3D30093ED4D /* Base */ = {isa = PBXFileReference; lastKnownFileType = text.plist.strings; name = Base; path = Base.lproj/InfoPlist.strings; sourceTree = "<group>"; };
		830F62541ACAE3D60093ED4D /* es */ = {isa = PBXFileReference; lastKnownFileType = text.plist.strings; name = es; path = es.lproj/InfoPlist.strings; sourceTree = "<group>"; };
		831D9A951A8EB30800B4EB56 /* CoreLocation.framework */ = {isa = PBXFileReference; lastKnownFileType = wrapper.framework; name = CoreLocation.framework; path = System/Library/Frameworks/CoreLocation.framework; sourceTree = SDKROOT; };
		831FF0D11AA284FA00A88F49 /* WebViewController.swift */ = {isa = PBXFileReference; fileEncoding = 4; lastKnownFileType = sourcecode.swift; path = WebViewController.swift; sourceTree = "<group>"; };
		8334D35D1AC19A4600511B1F /* GAI.h */ = {isa = PBXFileReference; lastKnownFileType = sourcecode.c.h; path = GAI.h; sourceTree = "<group>"; };
		8334D35E1AC19A4600511B1F /* GAIDictionaryBuilder.h */ = {isa = PBXFileReference; lastKnownFileType = sourcecode.c.h; path = GAIDictionaryBuilder.h; sourceTree = "<group>"; };
		8334D35F1AC19A4600511B1F /* GAIEcommerceProduct.h */ = {isa = PBXFileReference; lastKnownFileType = sourcecode.c.h; path = GAIEcommerceProduct.h; sourceTree = "<group>"; };
		8334D3601AC19A4600511B1F /* GAIEcommerceProductAction.h */ = {isa = PBXFileReference; lastKnownFileType = sourcecode.c.h; path = GAIEcommerceProductAction.h; sourceTree = "<group>"; };
		8334D3611AC19A4600511B1F /* GAIEcommercePromotion.h */ = {isa = PBXFileReference; lastKnownFileType = sourcecode.c.h; path = GAIEcommercePromotion.h; sourceTree = "<group>"; };
		8334D3621AC19A4600511B1F /* GAIFields.h */ = {isa = PBXFileReference; lastKnownFileType = sourcecode.c.h; path = GAIFields.h; sourceTree = "<group>"; };
		8334D3631AC19A4600511B1F /* GAILogger.h */ = {isa = PBXFileReference; lastKnownFileType = sourcecode.c.h; path = GAILogger.h; sourceTree = "<group>"; };
		8334D3641AC19A4600511B1F /* GAITrackedViewController.h */ = {isa = PBXFileReference; lastKnownFileType = sourcecode.c.h; path = GAITrackedViewController.h; sourceTree = "<group>"; };
		8334D3651AC19A4600511B1F /* GAITracker.h */ = {isa = PBXFileReference; lastKnownFileType = sourcecode.c.h; path = GAITracker.h; sourceTree = "<group>"; };
		8334D3661AC19B5300511B1F /* libGoogleAnalyticsServices.a */ = {isa = PBXFileReference; lastKnownFileType = archive.ar; path = libGoogleAnalyticsServices.a; sourceTree = "<group>"; };
		83498FF31A9904FE00669A1A /* contact.png */ = {isa = PBXFileReference; lastKnownFileType = image.png; name = contact.png; path = ../contact.png; sourceTree = "<group>"; };
		83498FF81A9904FE00669A1A /* heatcramps.png */ = {isa = PBXFileReference; lastKnownFileType = image.png; path = heatcramps.png; sourceTree = "<group>"; };
		83498FF91A9904FE00669A1A /* heatexhaustion.png */ = {isa = PBXFileReference; lastKnownFileType = image.png; path = heatexhaustion.png; sourceTree = "<group>"; };
		83498FFA1A9904FE00669A1A /* heatfatigue.png */ = {isa = PBXFileReference; lastKnownFileType = image.png; path = heatfatigue.png; sourceTree = "<group>"; };
		83498FFB1A9904FE00669A1A /* heatstroke.png */ = {isa = PBXFileReference; lastKnownFileType = image.png; path = heatstroke.png; sourceTree = "<group>"; };
		83498FFC1A9904FE00669A1A /* img1.png */ = {isa = PBXFileReference; lastKnownFileType = image.png; path = img1.png; sourceTree = "<group>"; };
		83498FFD1A9904FE00669A1A /* img2.png */ = {isa = PBXFileReference; lastKnownFileType = image.png; path = img2.png; sourceTree = "<group>"; };
		83498FFE1A9904FE00669A1A /* img3.png */ = {isa = PBXFileReference; lastKnownFileType = image.png; path = img3.png; sourceTree = "<group>"; };
		83498FFF1A9904FE00669A1A /* img4.png */ = {isa = PBXFileReference; lastKnownFileType = image.png; path = img4.png; sourceTree = "<group>"; };
		834990001A9904FE00669A1A /* img5.png */ = {isa = PBXFileReference; lastKnownFileType = image.png; path = img5.png; sourceTree = "<group>"; };
		834990011A9904FE00669A1A /* img6.png */ = {isa = PBXFileReference; lastKnownFileType = image.png; path = img6.png; sourceTree = "<group>"; };
		834990021A9904FE00669A1A /* img7.png */ = {isa = PBXFileReference; lastKnownFileType = image.png; path = img7.png; sourceTree = "<group>"; };
		834990031A9904FE00669A1A /* img8.png */ = {isa = PBXFileReference; lastKnownFileType = image.png; path = img8.png; sourceTree = "<group>"; };
		834990041A9904FE00669A1A /* img9.png */ = {isa = PBXFileReference; lastKnownFileType = image.png; path = img9.png; sourceTree = "<group>"; };
		835882A81AA37CF7005A3761 /* Base */ = {isa = PBXFileReference; lastKnownFileType = text.html; name = Base; path = "Base.lproj/About This App.html"; sourceTree = "<group>"; };
		835882AE1AA37DFA005A3761 /* es */ = {isa = PBXFileReference; lastKnownFileType = text.html; name = es; path = "es.lproj/About This App.html"; sourceTree = "<group>"; };
		835882B31AA380AF005A3761 /* Base */ = {isa = PBXFileReference; lastKnownFileType = text.html; name = Base; path = "Base.lproj/Contact OSHA.html"; sourceTree = "<group>"; };
		835882B41AA380D4005A3761 /* es */ = {isa = PBXFileReference; lastKnownFileType = text.html; name = es; path = "es.lproj/Contact OSHA.html"; sourceTree = "<group>"; };
		835882B61AA381E8005A3761 /* Base */ = {isa = PBXFileReference; lastKnownFileType = text.html; name = Base; path = "Base.lproj/More Details.html"; sourceTree = "<group>"; };
		835882B81AA381ED005A3761 /* es */ = {isa = PBXFileReference; lastKnownFileType = text.html; name = es; path = "es.lproj/More Details.html"; sourceTree = "<group>"; };
		835882BA1AA383AF005A3761 /* Base */ = {isa = PBXFileReference; lastKnownFileType = text.html; name = Base; path = Base.lproj/precautions_lower.html; sourceTree = "<group>"; };
		835882BC1AA383B2005A3761 /* es */ = {isa = PBXFileReference; lastKnownFileType = text.html; name = es; path = es.lproj/precautions_lower.html; sourceTree = "<group>"; };
		835882BE1AA384BE005A3761 /* Base */ = {isa = PBXFileReference; lastKnownFileType = text.html; name = Base; path = Base.lproj/precautions_moderate.html; sourceTree = "<group>"; };
		835882C01AA384BF005A3761 /* es */ = {isa = PBXFileReference; lastKnownFileType = text.html; name = es; path = es.lproj/precautions_moderate.html; sourceTree = "<group>"; };
		835882C21AA38535005A3761 /* Base */ = {isa = PBXFileReference; lastKnownFileType = text.html; name = Base; path = Base.lproj/precautions_high.html; sourceTree = "<group>"; };
		835882C41AA38553005A3761 /* es */ = {isa = PBXFileReference; lastKnownFileType = text.html; name = es; path = es.lproj/precautions_high.html; sourceTree = "<group>"; };
		835882C61AA385AD005A3761 /* Base */ = {isa = PBXFileReference; lastKnownFileType = text.html; name = Base; path = Base.lproj/precautions_veryhigh.html; sourceTree = "<group>"; };
		835882C81AA385AF005A3761 /* es */ = {isa = PBXFileReference; lastKnownFileType = text.html; name = es; path = es.lproj/precautions_veryhigh.html; sourceTree = "<group>"; };
		835E0C141A72F14400F47229 /* MoreInfoController.swift */ = {isa = PBXFileReference; fileEncoding = 4; lastKnownFileType = sourcecode.swift; path = MoreInfoController.swift; sourceTree = "<group>"; };
		835E84EE1AAF632C00D9C71D /* CoreData.framework */ = {isa = PBXFileReference; lastKnownFileType = wrapper.framework; name = CoreData.framework; path = System/Library/Frameworks/CoreData.framework; sourceTree = SDKROOT; };
		835E84F01AAF633F00D9C71D /* SystemConfiguration.framework */ = {isa = PBXFileReference; lastKnownFileType = wrapper.framework; name = SystemConfiguration.framework; path = System/Library/Frameworks/SystemConfiguration.framework; sourceTree = SDKROOT; };
		835E84F21AAF635600D9C71D /* libz.dylib */ = {isa = PBXFileReference; lastKnownFileType = "compiled.mach-o.dylib"; name = libz.dylib; path = usr/lib/libz.dylib; sourceTree = SDKROOT; };
		835E84F71AAF64FD00D9C71D /* Heat Tool-Bridging-Header.h */ = {isa = PBXFileReference; lastKnownFileType = sourcecode.c.h; path = "Heat Tool-Bridging-Header.h"; sourceTree = "<group>"; };
		8386109D1A93E37D000A1904 /* PrecautionsController.swift */ = {isa = PBXFileReference; fileEncoding = 4; lastKnownFileType = sourcecode.swift; path = PrecautionsController.swift; sourceTree = "<group>"; };
		838610A31A9411B0000A1904 /* QuartzCore.framework */ = {isa = PBXFileReference; lastKnownFileType = wrapper.framework; name = QuartzCore.framework; path = System/Library/Frameworks/QuartzCore.framework; sourceTree = SDKROOT; };
		839D98A31AC8D05B007751EF /* es */ = {isa = PBXFileReference; lastKnownFileType = text.plist.strings; name = es; path = es.lproj/Main.strings; sourceTree = "<group>"; };
		839D98A71AC8D178007751EF /* Base */ = {isa = PBXFileReference; lastKnownFileType = text.plist.strings; name = Base; path = Base.lproj/Localizable.strings; sourceTree = "<group>"; };
		839D98A91AC8D17A007751EF /* es */ = {isa = PBXFileReference; lastKnownFileType = text.plist.strings; name = es; path = es.lproj/Localizable.strings; sourceTree = "<group>"; };
		83AFB06F1AB9BED7002116FA /* humidity@2x.png */ = {isa = PBXFileReference; lastKnownFileType = image.png; name = "humidity@2x.png"; path = "../../humidity@2x.png"; sourceTree = "<group>"; };
		83AFB0701AB9BED7002116FA /* temperature@2x.png */ = {isa = PBXFileReference; lastKnownFileType = image.png; name = "temperature@2x.png"; path = "../../temperature@2x.png"; sourceTree = "<group>"; };
		83B573201A730CD10041A64E /* dol@2x.png */ = {isa = PBXFileReference; lastKnownFileType = image.png; name = "dol@2x.png"; path = "../../dol@2x.png"; sourceTree = "<group>"; };
		83D7467D1AAE744F006C5865 /* Base */ = {isa = PBXFileReference; lastKnownFileType = text.html; name = Base; path = "Base.lproj/First Aid.html"; sourceTree = "<group>"; };
		83D7467F1AAE7451006C5865 /* es */ = {isa = PBXFileReference; lastKnownFileType = text.html; name = es; path = "es.lproj/First Aid.html"; sourceTree = "<group>"; };
		83D746811AAE749D006C5865 /* Base */ = {isa = PBXFileReference; lastKnownFileType = text.html; name = Base; path = "Base.lproj/Signs and Symptoms.html"; sourceTree = "<group>"; };
		83D746831AAE74A0006C5865 /* es */ = {isa = PBXFileReference; lastKnownFileType = text.html; name = es; path = "es.lproj/Signs and Symptoms.html"; sourceTree = "<group>"; };
		83DE8DBC1B29FE8800A3ADDC /* geo@3x.png */ = {isa = PBXFileReference; lastKnownFileType = image.png; path = "geo@3x.png"; sourceTree = "<group>"; };
		83DE8DBD1B29FE8800A3ADDC /* geo@2x.png */ = {isa = PBXFileReference; lastKnownFileType = image.png; path = "geo@2x.png"; sourceTree = "<group>"; };
		83E1112F1A72FFA6007DE234 /* moreinfo_about@2x.png */ = {isa = PBXFileReference; lastKnownFileType = image.png; name = "moreinfo_about@2x.png"; path = "../../moreinfo_about@2x.png"; sourceTree = "<group>"; };
		83E111311A72FFA6007DE234 /* moreinfo_contact@2x.png */ = {isa = PBXFileReference; lastKnownFileType = image.png; name = "moreinfo_contact@2x.png"; path = "../../moreinfo_contact@2x.png"; sourceTree = "<group>"; };
		83E111331A72FFA6007DE234 /* moreinfo_firstAid@2x.png */ = {isa = PBXFileReference; lastKnownFileType = image.png; name = "moreinfo_firstAid@2x.png"; path = "../../moreinfo_firstAid@2x.png"; sourceTree = "<group>"; };
		83E111351A72FFA6007DE234 /* moreinfo_more@2x.png */ = {isa = PBXFileReference; lastKnownFileType = image.png; name = "moreinfo_more@2x.png"; path = "../../moreinfo_more@2x.png"; sourceTree = "<group>"; };
		83E111371A72FFA6007DE234 /* moreinfo_signs@2x.png */ = {isa = PBXFileReference; lastKnownFileType = image.png; name = "moreinfo_signs@2x.png"; path = "../../moreinfo_signs@2x.png"; sourceTree = "<group>"; };
		83E9C2AE1A95024800BE4019 /* chevron@2x.png */ = {isa = PBXFileReference; lastKnownFileType = image.png; name = "chevron@2x.png"; path = "../../chevron@2x.png"; sourceTree = "<group>"; };
		83FD4BC81B6ED031007C275C /* location@2x.png */ = {isa = PBXFileReference; lastKnownFileType = image.png; path = "location@2x.png"; sourceTree = "<group>"; };
		83FD4BC91B6ED031007C275C /* location@3x.png */ = {isa = PBXFileReference; lastKnownFileType = image.png; path = "location@3x.png"; sourceTree = "<group>"; };
		83FDDFD41A66C9470018A068 /* Heat Tool.app */ = {isa = PBXFileReference; explicitFileType = wrapper.application; includeInIndex = 0; path = "Heat Tool.app"; sourceTree = BUILT_PRODUCTS_DIR; };
		83FDDFD81A66C9470018A068 /* Info.plist */ = {isa = PBXFileReference; lastKnownFileType = text.plist.xml; path = Info.plist; sourceTree = "<group>"; };
		83FDDFD91A66C9470018A068 /* AppDelegate.swift */ = {isa = PBXFileReference; lastKnownFileType = sourcecode.swift; path = AppDelegate.swift; sourceTree = "<group>"; };
		83FDDFDB1A66C9470018A068 /* HeatIndexController.swift */ = {isa = PBXFileReference; lastKnownFileType = sourcecode.swift; path = HeatIndexController.swift; sourceTree = "<group>"; };
		83FDDFDE1A66C9470018A068 /* Base */ = {isa = PBXFileReference; lastKnownFileType = file.storyboard; name = Base; path = Base.lproj/Main.storyboard; sourceTree = "<group>"; };
		83FDDFE01A66C9470018A068 /* Images.xcassets */ = {isa = PBXFileReference; lastKnownFileType = folder.assetcatalog; path = Images.xcassets; sourceTree = "<group>"; };
		83FDDFE31A66C9470018A068 /* Base */ = {isa = PBXFileReference; lastKnownFileType = file.xib; name = Base; path = Base.lproj/LaunchScreen.xib; sourceTree = "<group>"; };
		83FDDFE91A66C9470018A068 /* Heat ToolTests.xctest */ = {isa = PBXFileReference; explicitFileType = wrapper.cfbundle; includeInIndex = 0; path = "Heat ToolTests.xctest"; sourceTree = BUILT_PRODUCTS_DIR; };
		83FDDFEE1A66C9470018A068 /* Info.plist */ = {isa = PBXFileReference; lastKnownFileType = text.plist.xml; path = Info.plist; sourceTree = "<group>"; };
		83FDDFEF1A66C9470018A068 /* Heat_ToolTests.swift */ = {isa = PBXFileReference; lastKnownFileType = sourcecode.swift; path = Heat_ToolTests.swift; sourceTree = "<group>"; };
		83FDDFF91A66D11C0018A068 /* osha@2x.png */ = {isa = PBXFileReference; lastKnownFileType = image.png; name = "osha@2x.png"; path = "../../osha@2x.png"; sourceTree = "<group>"; };
/* End PBXFileReference section */

/* Begin PBXFrameworksBuildPhase section */
		83FDDFD11A66C9470018A068 /* Frameworks */ = {
			isa = PBXFrameworksBuildPhase;
			buildActionMask = 2147483647;
			files = (
				835E84F31AAF635600D9C71D /* libz.dylib in Frameworks */,
				835E84F11AAF633F00D9C71D /* SystemConfiguration.framework in Frameworks */,
				835E84EF1AAF632C00D9C71D /* CoreData.framework in Frameworks */,
				8334D3671AC19B5300511B1F /* libGoogleAnalyticsServices.a in Frameworks */,
				838610A51A941350000A1904 /* CoreLocation.framework in Frameworks */,
			);
			runOnlyForDeploymentPostprocessing = 0;
		};
		83FDDFE61A66C9470018A068 /* Frameworks */ = {
			isa = PBXFrameworksBuildPhase;
			buildActionMask = 2147483647;
			files = (
			);
			runOnlyForDeploymentPostprocessing = 0;
		};
/* End PBXFrameworksBuildPhase section */

/* Begin PBXGroup section */
		8334D35C1AC1988B00511B1F /* Frameworks */ = {
			isa = PBXGroup;
			children = (
				8334D3661AC19B5300511B1F /* libGoogleAnalyticsServices.a */,
				835E84F21AAF635600D9C71D /* libz.dylib */,
				835E84F01AAF633F00D9C71D /* SystemConfiguration.framework */,
				835E84EE1AAF632C00D9C71D /* CoreData.framework */,
				838610A31A9411B0000A1904 /* QuartzCore.framework */,
				831D9A951A8EB30800B4EB56 /* CoreLocation.framework */,
			);
			name = Frameworks;
			sourceTree = "<group>";
		};
		83498FF61A9904FE00669A1A /* Images */ = {
			isa = PBXGroup;
			children = (
				83E1112F1A72FFA6007DE234 /* moreinfo_about@2x.png */,
				83E111311A72FFA6007DE234 /* moreinfo_contact@2x.png */,
				83E111331A72FFA6007DE234 /* moreinfo_firstAid@2x.png */,
				83E111351A72FFA6007DE234 /* moreinfo_more@2x.png */,
				83E111371A72FFA6007DE234 /* moreinfo_signs@2x.png */,
				83498FF31A9904FE00669A1A /* contact.png */,
				83498FF81A9904FE00669A1A /* heatcramps.png */,
				83498FF91A9904FE00669A1A /* heatexhaustion.png */,
				83498FFA1A9904FE00669A1A /* heatfatigue.png */,
				83498FFB1A9904FE00669A1A /* heatstroke.png */,
				83498FFC1A9904FE00669A1A /* img1.png */,
				83498FFD1A9904FE00669A1A /* img2.png */,
				83498FFE1A9904FE00669A1A /* img3.png */,
				83498FFF1A9904FE00669A1A /* img4.png */,
				834990001A9904FE00669A1A /* img5.png */,
				834990011A9904FE00669A1A /* img6.png */,
				834990021A9904FE00669A1A /* img7.png */,
				834990031A9904FE00669A1A /* img8.png */,
				834990041A9904FE00669A1A /* img9.png */,
				83DE8DBC1B29FE8800A3ADDC /* geo@3x.png */,
				83DE8DBD1B29FE8800A3ADDC /* geo@2x.png */,
				83FD4BC81B6ED031007C275C /* location@2x.png */,
				83FD4BC91B6ED031007C275C /* location@3x.png */,
				83AFB06F1AB9BED7002116FA /* humidity@2x.png */,
				83AFB0701AB9BED7002116FA /* temperature@2x.png */,
				83E9C2AE1A95024800BE4019 /* chevron@2x.png */,
				83B573201A730CD10041A64E /* dol@2x.png */,
				83FDDFF91A66D11C0018A068 /* osha@2x.png */,
			);
			name = Images;
			path = heatappweb_en/images;
			sourceTree = "<group>";
		};
		835E84E41AAF627800D9C71D /* Analytics */ = {
			isa = PBXGroup;
			children = (
				8334D35D1AC19A4600511B1F /* GAI.h */,
				8334D35E1AC19A4600511B1F /* GAIDictionaryBuilder.h */,
				8334D35F1AC19A4600511B1F /* GAIEcommerceProduct.h */,
				8334D3601AC19A4600511B1F /* GAIEcommerceProductAction.h */,
				8334D3611AC19A4600511B1F /* GAIEcommercePromotion.h */,
				8334D3621AC19A4600511B1F /* GAIFields.h */,
				8334D3631AC19A4600511B1F /* GAILogger.h */,
				8334D3641AC19A4600511B1F /* GAITrackedViewController.h */,
				8334D3651AC19A4600511B1F /* GAITracker.h */,
			);
			name = Analytics;
			sourceTree = "<group>";
		};
		83E32F801AAE7A5800082646 /* Webviews */ = {
			isa = PBXGroup;
			children = (
				835882A91AA37CF7005A3761 /* About This App.html */,
				835882B21AA380AC005A3761 /* Contact OSHA.html */,
				83D7467E1AAE744F006C5865 /* First Aid.html */,
				835882B71AA381E8005A3761 /* More Details.html */,
				83D746821AAE749D006C5865 /* Signs and Symptoms.html */,
			);
			name = Webviews;
			sourceTree = "<group>";
		};
		83E32F811AAE7A6700082646 /* Precautions */ = {
			isa = PBXGroup;
			children = (
				835882C31AA38535005A3761 /* precautions_high.html */,
				835882BB1AA383AF005A3761 /* precautions_lower.html */,
				835882BF1AA384BE005A3761 /* precautions_moderate.html */,
				835882C71AA385AD005A3761 /* precautions_veryhigh.html */,
			);
			name = Precautions;
			sourceTree = "<group>";
		};
		83FDDFCB1A66C9470018A068 = {
			isa = PBXGroup;
			children = (
				83FDDFD61A66C9470018A068 /* Heat Tool */,
				83FDDFEC1A66C9470018A068 /* Heat ToolTests */,
				8334D35C1AC1988B00511B1F /* Frameworks */,
				83FDDFD51A66C9470018A068 /* Products */,
				835E84F71AAF64FD00D9C71D /* Heat Tool-Bridging-Header.h */,
			);
			sourceTree = "<group>";
		};
		83FDDFD51A66C9470018A068 /* Products */ = {
			isa = PBXGroup;
			children = (
				83FDDFD41A66C9470018A068 /* Heat Tool.app */,
				83FDDFE91A66C9470018A068 /* Heat ToolTests.xctest */,
			);
			name = Products;
			sourceTree = "<group>";
		};
		83FDDFD61A66C9470018A068 /* Heat Tool */ = {
			isa = PBXGroup;
			children = (
				83FDDFD91A66C9470018A068 /* AppDelegate.swift */,
				83FDDFDB1A66C9470018A068 /* HeatIndexController.swift */,
				835E0C141A72F14400F47229 /* MoreInfoController.swift */,
				8386109D1A93E37D000A1904 /* PrecautionsController.swift */,
				831FF0D11AA284FA00A88F49 /* WebViewController.swift */,
				83FDDFDD1A66C9470018A068 /* Main.storyboard */,
				83FDDFE01A66C9470018A068 /* Images.xcassets */,
				83FDDFE21A66C9470018A068 /* LaunchScreen.xib */,
				83FDDFD71A66C9470018A068 /* Supporting Files */,
			);
			path = "Heat Tool";
			sourceTree = "<group>";
		};
		83FDDFD71A66C9470018A068 /* Supporting Files */ = {
			isa = PBXGroup;
			children = (
				835E84E41AAF627800D9C71D /* Analytics */,
				83E32F811AAE7A6700082646 /* Precautions */,
				83E32F801AAE7A5800082646 /* Webviews */,
				83498FF61A9904FE00669A1A /* Images */,
				83FDDFD81A66C9470018A068 /* Info.plist */,
				830F62531ACAE3D30093ED4D /* InfoPlist.strings */,
				839D98A81AC8D178007751EF /* Localizable.strings */,
			);
			name = "Supporting Files";
			sourceTree = "<group>";
		};
		83FDDFEC1A66C9470018A068 /* Heat ToolTests */ = {
			isa = PBXGroup;
			children = (
				83FDDFEF1A66C9470018A068 /* Heat_ToolTests.swift */,
				83FDDFED1A66C9470018A068 /* Supporting Files */,
			);
			path = "Heat ToolTests";
			sourceTree = "<group>";
		};
		83FDDFED1A66C9470018A068 /* Supporting Files */ = {
			isa = PBXGroup;
			children = (
				83FDDFEE1A66C9470018A068 /* Info.plist */,
			);
			name = "Supporting Files";
			sourceTree = "<group>";
		};
/* End PBXGroup section */

/* Begin PBXNativeTarget section */
		83FDDFD31A66C9470018A068 /* Heat Tool */ = {
			isa = PBXNativeTarget;
			buildConfigurationList = 83FDDFF31A66C9470018A068 /* Build configuration list for PBXNativeTarget "Heat Tool" */;
			buildPhases = (
				83FDDFD01A66C9470018A068 /* Sources */,
				83FDDFD11A66C9470018A068 /* Frameworks */,
				83FDDFD21A66C9470018A068 /* Resources */,
			);
			buildRules = (
			);
			dependencies = (
			);
			name = "Heat Tool";
			productName = "Heat Tool";
			productReference = 83FDDFD41A66C9470018A068 /* Heat Tool.app */;
			productType = "com.apple.product-type.application";
		};
		83FDDFE81A66C9470018A068 /* Heat ToolTests */ = {
			isa = PBXNativeTarget;
			buildConfigurationList = 83FDDFF61A66C9470018A068 /* Build configuration list for PBXNativeTarget "Heat ToolTests" */;
			buildPhases = (
				83FDDFE51A66C9470018A068 /* Sources */,
				83FDDFE61A66C9470018A068 /* Frameworks */,
				83FDDFE71A66C9470018A068 /* Resources */,
			);
			buildRules = (
			);
			dependencies = (
				83FDDFEB1A66C9470018A068 /* PBXTargetDependency */,
			);
			name = "Heat ToolTests";
			productName = "Heat ToolTests";
			productReference = 83FDDFE91A66C9470018A068 /* Heat ToolTests.xctest */;
			productType = "com.apple.product-type.bundle.unit-test";
		};
/* End PBXNativeTarget section */

/* Begin PBXProject section */
		83FDDFCC1A66C9470018A068 /* Project object */ = {
			isa = PBXProject;
			attributes = {
				LastSwiftUpdateCheck = 0700;
				LastUpgradeCheck = 0700;
				ORGANIZATIONNAME = OSHA;
				TargetAttributes = {
					83FDDFD31A66C9470018A068 = {
						CreatedOnToolsVersion = 6.1.1;
						DevelopmentTeam = FRPCGFXS7Q;
					};
					83FDDFE81A66C9470018A068 = {
						CreatedOnToolsVersion = 6.1.1;
						TestTargetID = 83FDDFD31A66C9470018A068;
					};
				};
			};
			buildConfigurationList = 83FDDFCF1A66C9470018A068 /* Build configuration list for PBXProject "Heat Tool" */;
			compatibilityVersion = "Xcode 3.2";
			developmentRegion = English;
			hasScannedForEncodings = 0;
			knownRegions = (
				en,
				Base,
				es,
			);
			mainGroup = 83FDDFCB1A66C9470018A068;
			productRefGroup = 83FDDFD51A66C9470018A068 /* Products */;
			projectDirPath = "";
			projectRoot = "";
			targets = (
				83FDDFD31A66C9470018A068 /* Heat Tool */,
				83FDDFE81A66C9470018A068 /* Heat ToolTests */,
			);
		};
/* End PBXProject section */

/* Begin PBXResourcesBuildPhase section */
		83FDDFD21A66C9470018A068 /* Resources */ = {
			isa = PBXResourcesBuildPhase;
			buildActionMask = 2147483647;
			files = (
				83E111411A72FFA6007DE234 /* moreinfo_signs@2x.png in Resources */,
				835882B91AA383AF005A3761 /* precautions_lower.html in Resources */,
				8349902D1A9904FE00669A1A /* contact.png in Resources */,
				834990351A9904FE00669A1A /* img1.png in Resources */,
				83FDDFFA1A66D11C0018A068 /* osha@2x.png in Resources */,
				834990331A9904FE00669A1A /* heatfatigue.png in Resources */,
				83FD4BCA1B6ED031007C275C /* location@2x.png in Resources */,
				83FDDFDF1A66C9470018A068 /* Main.storyboard in Resources */,
				8349903B1A9904FE00669A1A /* img7.png in Resources */,
				83E9C2AF1A95024800BE4019 /* chevron@2x.png in Resources */,
				830F62511ACAE3D30093ED4D /* InfoPlist.strings in Resources */,
				834990341A9904FE00669A1A /* heatstroke.png in Resources */,
				835882BD1AA384BE005A3761 /* precautions_moderate.html in Resources */,
				834990381A9904FE00669A1A /* img4.png in Resources */,
				83B573211A730CD10041A64E /* dol@2x.png in Resources */,
				835882B01AA380AC005A3761 /* Contact OSHA.html in Resources */,
				834990321A9904FE00669A1A /* heatexhaustion.png in Resources */,
				83E1113D1A72FFA6007DE234 /* moreinfo_firstAid@2x.png in Resources */,
				83DE8DBE1B29FE8800A3ADDC /* geo@3x.png in Resources */,
				83AFB0721AB9BED7002116FA /* temperature@2x.png in Resources */,
				8349903D1A9904FE00669A1A /* img9.png in Resources */,
				835882C51AA385AD005A3761 /* precautions_veryhigh.html in Resources */,
				83FDDFE41A66C9470018A068 /* LaunchScreen.xib in Resources */,
				83D746801AAE749D006C5865 /* Signs and Symptoms.html in Resources */,
				839D98A61AC8D178007751EF /* Localizable.strings in Resources */,
				83FDDFE11A66C9470018A068 /* Images.xcassets in Resources */,
				834990371A9904FE00669A1A /* img3.png in Resources */,
				83DE8DBF1B29FE8800A3ADDC /* geo@2x.png in Resources */,
				835882B51AA381E8005A3761 /* More Details.html in Resources */,
				8349903A1A9904FE00669A1A /* img6.png in Resources */,
				835882C11AA38535005A3761 /* precautions_high.html in Resources */,
				834990361A9904FE00669A1A /* img2.png in Resources */,
				83E1113B1A72FFA6007DE234 /* moreinfo_contact@2x.png in Resources */,
				83E1113F1A72FFA6007DE234 /* moreinfo_more@2x.png in Resources */,
				834990311A9904FE00669A1A /* heatcramps.png in Resources */,
				835882A71AA37CF7005A3761 /* About This App.html in Resources */,
				83FD4BCB1B6ED031007C275C /* location@3x.png in Resources */,
				834990391A9904FE00669A1A /* img5.png in Resources */,
				83AFB0711AB9BED7002116FA /* humidity@2x.png in Resources */,
				83D7467C1AAE744F006C5865 /* First Aid.html in Resources */,
				8349903C1A9904FE00669A1A /* img8.png in Resources */,
				83E111391A72FFA6007DE234 /* moreinfo_about@2x.png in Resources */,
			);
			runOnlyForDeploymentPostprocessing = 0;
		};
		83FDDFE71A66C9470018A068 /* Resources */ = {
			isa = PBXResourcesBuildPhase;
			buildActionMask = 2147483647;
			files = (
			);
			runOnlyForDeploymentPostprocessing = 0;
		};
/* End PBXResourcesBuildPhase section */

/* Begin PBXSourcesBuildPhase section */
		83FDDFD01A66C9470018A068 /* Sources */ = {
			isa = PBXSourcesBuildPhase;
			buildActionMask = 2147483647;
			files = (
				83FDDFDC1A66C9470018A068 /* HeatIndexController.swift in Sources */,
				83FDDFDA1A66C9470018A068 /* AppDelegate.swift in Sources */,
				8386109E1A93E37D000A1904 /* PrecautionsController.swift in Sources */,
				831FF0D21AA284FA00A88F49 /* WebViewController.swift in Sources */,
				835E0C151A72F14400F47229 /* MoreInfoController.swift in Sources */,
			);
			runOnlyForDeploymentPostprocessing = 0;
		};
		83FDDFE51A66C9470018A068 /* Sources */ = {
			isa = PBXSourcesBuildPhase;
			buildActionMask = 2147483647;
			files = (
				83FDDFF01A66C9470018A068 /* Heat_ToolTests.swift in Sources */,
			);
			runOnlyForDeploymentPostprocessing = 0;
		};
/* End PBXSourcesBuildPhase section */

/* Begin PBXTargetDependency section */
		83FDDFEB1A66C9470018A068 /* PBXTargetDependency */ = {
			isa = PBXTargetDependency;
			target = 83FDDFD31A66C9470018A068 /* Heat Tool */;
			targetProxy = 83FDDFEA1A66C9470018A068 /* PBXContainerItemProxy */;
		};
/* End PBXTargetDependency section */

/* Begin PBXVariantGroup section */
		830F62531ACAE3D30093ED4D /* InfoPlist.strings */ = {
			isa = PBXVariantGroup;
			children = (
				830F62521ACAE3D30093ED4D /* Base */,
				830F62541ACAE3D60093ED4D /* es */,
			);
			name = InfoPlist.strings;
			sourceTree = "<group>";
		};
		835882A91AA37CF7005A3761 /* About This App.html */ = {
			isa = PBXVariantGroup;
			children = (
				835882A81AA37CF7005A3761 /* Base */,
				835882AE1AA37DFA005A3761 /* es */,
			);
			name = "About This App.html";
			path = heatappweb_en;
			sourceTree = "<group>";
		};
		835882B21AA380AC005A3761 /* Contact OSHA.html */ = {
			isa = PBXVariantGroup;
			children = (
				835882B31AA380AF005A3761 /* Base */,
				835882B41AA380D4005A3761 /* es */,
			);
			name = "Contact OSHA.html";
			path = heatappweb_en;
			sourceTree = "<group>";
		};
		835882B71AA381E8005A3761 /* More Details.html */ = {
			isa = PBXVariantGroup;
			children = (
				835882B61AA381E8005A3761 /* Base */,
				835882B81AA381ED005A3761 /* es */,
			);
			name = "More Details.html";
			path = heatappweb_en;
			sourceTree = "<group>";
		};
		835882BB1AA383AF005A3761 /* precautions_lower.html */ = {
			isa = PBXVariantGroup;
			children = (
				835882BA1AA383AF005A3761 /* Base */,
				835882BC1AA383B2005A3761 /* es */,
			);
			name = precautions_lower.html;
			path = heatappweb_en;
			sourceTree = "<group>";
		};
		835882BF1AA384BE005A3761 /* precautions_moderate.html */ = {
			isa = PBXVariantGroup;
			children = (
				835882BE1AA384BE005A3761 /* Base */,
				835882C01AA384BF005A3761 /* es */,
			);
			name = precautions_moderate.html;
			path = heatappweb_en;
			sourceTree = "<group>";
		};
		835882C31AA38535005A3761 /* precautions_high.html */ = {
			isa = PBXVariantGroup;
			children = (
				835882C21AA38535005A3761 /* Base */,
				835882C41AA38553005A3761 /* es */,
			);
			name = precautions_high.html;
			path = heatappweb_en;
			sourceTree = "<group>";
		};
		835882C71AA385AD005A3761 /* precautions_veryhigh.html */ = {
			isa = PBXVariantGroup;
			children = (
				835882C61AA385AD005A3761 /* Base */,
				835882C81AA385AF005A3761 /* es */,
			);
			name = precautions_veryhigh.html;
			path = heatappweb_en;
			sourceTree = "<group>";
		};
		839D98A81AC8D178007751EF /* Localizable.strings */ = {
			isa = PBXVariantGroup;
			children = (
				839D98A71AC8D178007751EF /* Base */,
				839D98A91AC8D17A007751EF /* es */,
			);
			name = Localizable.strings;
			sourceTree = "<group>";
		};
		83D7467E1AAE744F006C5865 /* First Aid.html */ = {
			isa = PBXVariantGroup;
			children = (
				83D7467D1AAE744F006C5865 /* Base */,
				83D7467F1AAE7451006C5865 /* es */,
			);
			name = "First Aid.html";
			path = heatappweb_en;
			sourceTree = "<group>";
		};
		83D746821AAE749D006C5865 /* Signs and Symptoms.html */ = {
			isa = PBXVariantGroup;
			children = (
				83D746811AAE749D006C5865 /* Base */,
				83D746831AAE74A0006C5865 /* es */,
			);
			name = "Signs and Symptoms.html";
			path = heatappweb_en;
			sourceTree = "<group>";
		};
		83FDDFDD1A66C9470018A068 /* Main.storyboard */ = {
			isa = PBXVariantGroup;
			children = (
				83FDDFDE1A66C9470018A068 /* Base */,
				839D98A31AC8D05B007751EF /* es */,
			);
			name = Main.storyboard;
			sourceTree = "<group>";
		};
		83FDDFE21A66C9470018A068 /* LaunchScreen.xib */ = {
			isa = PBXVariantGroup;
			children = (
				83FDDFE31A66C9470018A068 /* Base */,
			);
			name = LaunchScreen.xib;
			sourceTree = "<group>";
		};
/* End PBXVariantGroup section */

/* Begin XCBuildConfiguration section */
		83FDDFF11A66C9470018A068 /* Debug */ = {
			isa = XCBuildConfiguration;
			buildSettings = {
				ALWAYS_SEARCH_USER_PATHS = NO;
				CLANG_CXX_LANGUAGE_STANDARD = "gnu++0x";
				CLANG_CXX_LIBRARY = "libc++";
				CLANG_ENABLE_MODULES = YES;
				CLANG_ENABLE_OBJC_ARC = YES;
				CLANG_WARN_BOOL_CONVERSION = YES;
				CLANG_WARN_CONSTANT_CONVERSION = YES;
				CLANG_WARN_DIRECT_OBJC_ISA_USAGE = YES_ERROR;
				CLANG_WARN_EMPTY_BODY = YES;
				CLANG_WARN_ENUM_CONVERSION = YES;
				CLANG_WARN_INT_CONVERSION = YES;
				CLANG_WARN_OBJC_ROOT_CLASS = YES_ERROR;
				CLANG_WARN_UNREACHABLE_CODE = YES;
				CLANG_WARN__DUPLICATE_METHOD_MATCH = YES;
				"CODE_SIGN_IDENTITY[sdk=iphoneos*]" = "iPhone Developer";
				COPY_PHASE_STRIP = NO;
				ENABLE_BITCODE = NO;
				ENABLE_STRICT_OBJC_MSGSEND = YES;
				ENABLE_TESTABILITY = YES;
				GCC_C_LANGUAGE_STANDARD = gnu99;
				GCC_DYNAMIC_NO_PIC = NO;
				GCC_OPTIMIZATION_LEVEL = 0;
				GCC_PREPROCESSOR_DEFINITIONS = (
					"DEBUG=1",
					"$(inherited)",
				);
				GCC_SYMBOLS_PRIVATE_EXTERN = NO;
				GCC_WARN_64_TO_32_BIT_CONVERSION = YES;
				GCC_WARN_ABOUT_RETURN_TYPE = YES_ERROR;
				GCC_WARN_UNDECLARED_SELECTOR = YES;
				GCC_WARN_UNINITIALIZED_AUTOS = YES_AGGRESSIVE;
				GCC_WARN_UNUSED_FUNCTION = YES;
				GCC_WARN_UNUSED_VARIABLE = YES;
				IPHONEOS_DEPLOYMENT_TARGET = 8.1;
				MTL_ENABLE_DEBUG_INFO = YES;
				ONLY_ACTIVE_ARCH = YES;
				SDKROOT = iphoneos;
				SWIFT_OPTIMIZATION_LEVEL = "-Onone";
				TARGETED_DEVICE_FAMILY = "1,2";
			};
			name = Debug;
		};
		83FDDFF21A66C9470018A068 /* Release */ = {
			isa = XCBuildConfiguration;
			buildSettings = {
				ALWAYS_SEARCH_USER_PATHS = NO;
				CLANG_CXX_LANGUAGE_STANDARD = "gnu++0x";
				CLANG_CXX_LIBRARY = "libc++";
				CLANG_ENABLE_MODULES = YES;
				CLANG_ENABLE_OBJC_ARC = YES;
				CLANG_WARN_BOOL_CONVERSION = YES;
				CLANG_WARN_CONSTANT_CONVERSION = YES;
				CLANG_WARN_DIRECT_OBJC_ISA_USAGE = YES_ERROR;
				CLANG_WARN_EMPTY_BODY = YES;
				CLANG_WARN_ENUM_CONVERSION = YES;
				CLANG_WARN_INT_CONVERSION = YES;
				CLANG_WARN_OBJC_ROOT_CLASS = YES_ERROR;
				CLANG_WARN_UNREACHABLE_CODE = YES;
				CLANG_WARN__DUPLICATE_METHOD_MATCH = YES;
				"CODE_SIGN_IDENTITY[sdk=iphoneos*]" = "iPhone Developer";
				COPY_PHASE_STRIP = YES;
				ENABLE_BITCODE = NO;
				ENABLE_NS_ASSERTIONS = NO;
				ENABLE_STRICT_OBJC_MSGSEND = YES;
				GCC_C_LANGUAGE_STANDARD = gnu99;
				GCC_WARN_64_TO_32_BIT_CONVERSION = YES;
				GCC_WARN_ABOUT_RETURN_TYPE = YES_ERROR;
				GCC_WARN_UNDECLARED_SELECTOR = YES;
				GCC_WARN_UNINITIALIZED_AUTOS = YES_AGGRESSIVE;
				GCC_WARN_UNUSED_FUNCTION = YES;
				GCC_WARN_UNUSED_VARIABLE = YES;
				IPHONEOS_DEPLOYMENT_TARGET = 8.1;
				MTL_ENABLE_DEBUG_INFO = NO;
				SDKROOT = iphoneos;
				TARGETED_DEVICE_FAMILY = "1,2";
				VALIDATE_PRODUCT = YES;
			};
			name = Release;
		};
		83FDDFF41A66C9470018A068 /* Debug */ = {
			isa = XCBuildConfiguration;
			buildSettings = {
				ASSETCATALOG_COMPILER_APPICON_NAME = AppIcon;
				CLANG_ENABLE_MODULES = YES;
				CODE_SIGN_IDENTITY = "iPhone Developer";
				"CODE_SIGN_IDENTITY[sdk=iphoneos*]" = "iPhone Developer";
				INFOPLIST_FILE = "Heat Tool/Info.plist";
				LD_RUNPATH_SEARCH_PATHS = "$(inherited) @executable_path/Frameworks";
				LIBRARY_SEARCH_PATHS = (
					"$(inherited)",
					"$(PROJECT_DIR)",
				);
				PRODUCT_BUNDLE_IDENTIFIER = "gov.osha.$(PRODUCT_NAME:rfc1034identifier)";
				PRODUCT_NAME = "$(TARGET_NAME)";
				PROVISIONING_PROFILE = "";
				SWIFT_OBJC_BRIDGING_HEADER = "Heat Tool-Bridging-Header.h";
				SWIFT_OPTIMIZATION_LEVEL = "-Onone";
				TARGETED_DEVICE_FAMILY = "1,2";
			};
			name = Debug;
		};
		83FDDFF51A66C9470018A068 /* Release */ = {
			isa = XCBuildConfiguration;
			buildSettings = {
				ASSETCATALOG_COMPILER_APPICON_NAME = AppIcon;
				CLANG_ENABLE_MODULES = YES;
				CODE_SIGN_IDENTITY = "iPhone Developer";
				"CODE_SIGN_IDENTITY[sdk=iphoneos*]" = "iPhone Developer";
				INFOPLIST_FILE = "Heat Tool/Info.plist";
				LD_RUNPATH_SEARCH_PATHS = "$(inherited) @executable_path/Frameworks";
				LIBRARY_SEARCH_PATHS = (
					"$(inherited)",
					"$(PROJECT_DIR)",
				);
				PRODUCT_BUNDLE_IDENTIFIER = "gov.osha.$(PRODUCT_NAME:rfc1034identifier)";
				PRODUCT_NAME = "$(TARGET_NAME)";
				PROVISIONING_PROFILE = "";
				SWIFT_OBJC_BRIDGING_HEADER = "Heat Tool-Bridging-Header.h";
				TARGETED_DEVICE_FAMILY = "1,2";
			};
			name = Release;
		};
		83FDDFF71A66C9470018A068 /* Debug */ = {
			isa = XCBuildConfiguration;
			buildSettings = {
				FRAMEWORK_SEARCH_PATHS = (
					"$(SDKROOT)/Developer/Library/Frameworks",
					"$(inherited)",
				);
				GCC_PREPROCESSOR_DEFINITIONS = (
					"DEBUG=1",
					"$(inherited)",
				);
				INFOPLIST_FILE = "Heat ToolTests/Info.plist";
				LD_RUNPATH_SEARCH_PATHS = "$(inherited) @executable_path/Frameworks @loader_path/Frameworks";
				PRODUCT_BUNDLE_IDENTIFIER = "gov.osha.$(PRODUCT_NAME:rfc1034identifier)";
				PRODUCT_NAME = "$(TARGET_NAME)";
				TEST_HOST = "$(BUILT_PRODUCTS_DIR)/Heat Tool.app/Heat Tool";
			};
			name = Debug;
		};
		83FDDFF81A66C9470018A068 /* Release */ = {
			isa = XCBuildConfiguration;
			buildSettings = {
				FRAMEWORK_SEARCH_PATHS = (
					"$(SDKROOT)/Developer/Library/Frameworks",
					"$(inherited)",
				);
				INFOPLIST_FILE = "Heat ToolTests/Info.plist";
				LD_RUNPATH_SEARCH_PATHS = "$(inherited) @executable_path/Frameworks @loader_path/Frameworks";
				PRODUCT_BUNDLE_IDENTIFIER = "gov.osha.$(PRODUCT_NAME:rfc1034identifier)";
				PRODUCT_NAME = "$(TARGET_NAME)";
				TEST_HOST = "$(BUILT_PRODUCTS_DIR)/Heat Tool.app/Heat Tool";
			};
			name = Release;
		};
/* End XCBuildConfiguration section */

/* Begin XCConfigurationList section */
		83FDDFCF1A66C9470018A068 /* Build configuration list for PBXProject "Heat Tool" */ = {
			isa = XCConfigurationList;
			buildConfigurations = (
				83FDDFF11A66C9470018A068 /* Debug */,
				83FDDFF21A66C9470018A068 /* Release */,
			);
			defaultConfigurationIsVisible = 0;
			defaultConfigurationName = Release;
		};
		83FDDFF31A66C9470018A068 /* Build configuration list for PBXNativeTarget "Heat Tool" */ = {
			isa = XCConfigurationList;
			buildConfigurations = (
				83FDDFF41A66C9470018A068 /* Debug */,
				83FDDFF51A66C9470018A068 /* Release */,
			);
			defaultConfigurationIsVisible = 0;
			defaultConfigurationName = Release;
		};
		83FDDFF61A66C9470018A068 /* Build configuration list for PBXNativeTarget "Heat ToolTests" */ = {
			isa = XCConfigurationList;
			buildConfigurations = (
				83FDDFF71A66C9470018A068 /* Debug */,
				83FDDFF81A66C9470018A068 /* Release */,
			);
			defaultConfigurationIsVisible = 0;
			defaultConfigurationName = Release;
		};
/* End XCConfigurationList section */
	};
	rootObject = 83FDDFCC1A66C9470018A068 /* Project object */;
}
